// !$*UTF8*$!
{
	archiveVersion = 1;
	classes = {
	};
	objectVersion = 77;
	objects = {

/* Begin PBXContainerItemProxy section */
		A10000000000000000000031 /* PBXContainerItemProxy */ = {
			isa = PBXContainerItemProxy;
			containerPortal = A10000000000000000000001 /* Project object */;
			proxyType = 1;
			remoteGlobalIDString = A10000000000000000000010;
			remoteInfo = Hourleaf;
		};
		A10000000000000000000032 /* PBXContainerItemProxy */ = {
			isa = PBXContainerItemProxy;
			containerPortal = A10000000000000000000001 /* Project object */;
			proxyType = 1;
			remoteGlobalIDString = A10000000000000000000010;
			remoteInfo = Hourleaf;
		};
		A10000000000000000000035 /* PBXContainerItemProxy */ = {
			isa = PBXContainerItemProxy;
			containerPortal = A10000000000000000000001 /* Project object */;
			proxyType = 1;
			remoteGlobalIDString = A10000000000000000000013;
			remoteInfo = HourleafQuickSurfaces;
		};
		A20000000000000000000035 /* PBXContainerItemProxy */ = {
			isa = PBXContainerItemProxy;
			containerPortal = A10000000000000000000001 /* Project object */;
			proxyType = 1;
			remoteGlobalIDString = A20000000000000000000013;
			remoteInfo = HourleafWatch;
		};
/* End PBXContainerItemProxy section */

/* Begin PBXFileReference section */
		A10000000000000000000020 /* Hourleaf.app */ = {isa = PBXFileReference; explicitFileType = wrapper.application; includeInIndex = 0; path = Hourleaf.app; sourceTree = BUILT_PRODUCTS_DIR; };
		A10000000000000000000021 /* HourleafTests.xctest */ = {isa = PBXFileReference; explicitFileType = wrapper.cfbundle; includeInIndex = 0; path = HourleafTests.xctest; sourceTree = BUILT_PRODUCTS_DIR; };
		A10000000000000000000022 /* HourleafUITests.xctest */ = {isa = PBXFileReference; explicitFileType = wrapper.cfbundle; includeInIndex = 0; path = HourleafUITests.xctest; sourceTree = BUILT_PRODUCTS_DIR; };
		A10000000000000000000023 /* HourleafQuickSurfaces.appex */ = {isa = PBXFileReference; explicitFileType = wrapper.app-extension; includeInIndex = 0; path = HourleafQuickSurfaces.appex; sourceTree = BUILT_PRODUCTS_DIR; };
		A20000000000000000000023 /* HourleafWatch.app */ = {isa = PBXFileReference; explicitFileType = wrapper.application; includeInIndex = 0; path = HourleafWatch.app; sourceTree = BUILT_PRODUCTS_DIR; };
/* End PBXFileReference section */

/* Begin PBXFileSystemSynchronizedBuildFileExceptionSet section */
		A10000000000000000000092 /* Exceptions for Hourleaf folder */ = {
			isa = PBXFileSystemSynchronizedBuildFileExceptionSet;
			membershipExceptions = (
				Info.plist,
			);
			target = A10000000000000000000010 /* Hourleaf */;
		};
		A10000000000000000000091 /* Exceptions for HourleafQuickSurfaces folder */ = {
			isa = PBXFileSystemSynchronizedBuildFileExceptionSet;
			membershipExceptions = (
				HourleafQuickSurfaces.entitlements,
				Info.plist,
			);
			target = A10000000000000000000013 /* HourleafQuickSurfaces */;
		};
/* End PBXFileSystemSynchronizedBuildFileExceptionSet section */

/* Begin PBXFileSystemSynchronizedRootGroup section */
		A10000000000000000000040 /* Hourleaf */ = {
			isa = PBXFileSystemSynchronizedRootGroup;
			exceptions = (
				A10000000000000000000092 /* Exceptions for Hourleaf folder */,
			);
			path = Hourleaf;
			sourceTree = "<group>";
		};
		A10000000000000000000041 /* HourleafTests */ = {
			isa = PBXFileSystemSynchronizedRootGroup;
			path = HourleafTests;
			sourceTree = "<group>";
		};
		A10000000000000000000042 /* HourleafUITests */ = {
			isa = PBXFileSystemSynchronizedRootGroup;
			path = HourleafUITests;
			sourceTree = "<group>";
		};
		A10000000000000000000043 /* HourleafShared */ = {
			isa = PBXFileSystemSynchronizedRootGroup;
			path = HourleafShared;
			sourceTree = "<group>";
		};
		A10000000000000000000044 /* HourleafQuickSurfaces */ = {
			isa = PBXFileSystemSynchronizedRootGroup;
			exceptions = (
				A10000000000000000000091 /* Exceptions for HourleafQuickSurfaces folder */,
			);
			path = HourleafQuickSurfaces;
			sourceTree = "<group>";
		};
		A20000000000000000000043 /* HourleafWatchShared */ = {
			isa = PBXFileSystemSynchronizedRootGroup;
			path = HourleafWatchShared;
			sourceTree = "<group>";
		};
		A20000000000000000000044 /* HourleafWatch */ = {
			isa = PBXFileSystemSynchronizedRootGroup;
			path = HourleafWatch;
			sourceTree = "<group>";
		};
/* End PBXFileSystemSynchronizedRootGroup section */

/* Begin PBXFrameworksBuildPhase section */
		A10000000000000000000050 /* Frameworks */ = {isa = PBXFrameworksBuildPhase; buildActionMask = 2147483647; files = (); runOnlyForDeploymentPostprocessing = 0; };
		A10000000000000000000051 /* Frameworks */ = {isa = PBXFrameworksBuildPhase; buildActionMask = 2147483647; files = (); runOnlyForDeploymentPostprocessing = 0; };
		A10000000000000000000052 /* Frameworks */ = {isa = PBXFrameworksBuildPhase; buildActionMask = 2147483647; files = (); runOnlyForDeploymentPostprocessing = 0; };
		A10000000000000000000053 /* Frameworks */ = {isa = PBXFrameworksBuildPhase; buildActionMask = 2147483647; files = (); runOnlyForDeploymentPostprocessing = 0; };
		A20000000000000000000053 /* Frameworks */ = {isa = PBXFrameworksBuildPhase; buildActionMask = 2147483647; files = (); runOnlyForDeploymentPostprocessing = 0; };
/* End PBXFrameworksBuildPhase section */

/* Begin PBXGroup section */
		A10000000000000000000002 = {
			isa = PBXGroup;
			children = (
				A10000000000000000000040 /* Hourleaf */,
				A10000000000000000000043 /* HourleafShared */,
				A10000000000000000000044 /* HourleafQuickSurfaces */,
				A20000000000000000000043 /* HourleafWatchShared */,
				A20000000000000000000044 /* HourleafWatch */,
				A10000000000000000000041 /* HourleafTests */,
				A10000000000000000000042 /* HourleafUITests */,
				A10000000000000000000003 /* Products */,
			);
			sourceTree = "<group>";
		};
		A10000000000000000000003 /* Products */ = {
			isa = PBXGroup;
			children = (
				A10000000000000000000020 /* Hourleaf.app */,
				A10000000000000000000023 /* HourleafQuickSurfaces.appex */,
				A20000000000000000000023 /* HourleafWatch.app */,
				A10000000000000000000021 /* HourleafTests.xctest */,
				A10000000000000000000022 /* HourleafUITests.xctest */,
			);
			name = Products;
			sourceTree = "<group>";
		};
/* End PBXGroup section */

/* Begin PBXNativeTarget section */
		A10000000000000000000010 /* Hourleaf */ = {
			isa = PBXNativeTarget;
			buildConfigurationList = A10000000000000000000070 /* Build configuration list for PBXNativeTarget "Hourleaf" */;
			buildPhases = (
				A10000000000000000000060 /* Sources */,
				A10000000000000000000050 /* Frameworks */,
				A10000000000000000000063 /* Resources */,
				A10000000000000000000068 /* Embed Foundation Extensions */,
				A20000000000000000000068 /* Embed Watch Content */,
			);
			buildRules = ();
			dependencies = (A10000000000000000000036 /* PBXTargetDependency */, A20000000000000000000036 /* PBXTargetDependency */);
			fileSystemSynchronizedGroups = (A10000000000000000000040 /* Hourleaf */, A10000000000000000000043 /* HourleafShared */, A20000000000000000000043 /* HourleafWatchShared */);
			name = Hourleaf;
			packageProductDependencies = ();
			productName = Hourleaf;
			productReference = A10000000000000000000020 /* Hourleaf.app */;
			productType = "com.apple.product-type.application";
		};
		A10000000000000000000013 /* HourleafQuickSurfaces */ = {
			isa = PBXNativeTarget;
			buildConfigurationList = A10000000000000000000074 /* Build configuration list for PBXNativeTarget "HourleafQuickSurfaces" */;
			buildPhases = (
				A10000000000000000000066 /* Sources */,
				A10000000000000000000053 /* Frameworks */,
				A10000000000000000000067 /* Resources */,
			);
			buildRules = ();
			dependencies = ();
			fileSystemSynchronizedGroups = (A10000000000000000000044 /* HourleafQuickSurfaces */, A10000000000000000000043 /* HourleafShared */);
			name = HourleafQuickSurfaces;
			packageProductDependencies = ();
			productName = HourleafQuickSurfaces;
			productReference = A10000000000000000000023 /* HourleafQuickSurfaces.appex */;
			productType = "com.apple.product-type.app-extension";
		};
		A20000000000000000000013 /* HourleafWatch */ = {
			isa = PBXNativeTarget;
			buildConfigurationList = A20000000000000000000074 /* Build configuration list for PBXNativeTarget "HourleafWatch" */;
			buildPhases = (
				A20000000000000000000066 /* Sources */,
				A20000000000000000000053 /* Frameworks */,
				A20000000000000000000067 /* Resources */,
			);
			buildRules = ();
			dependencies = ();
			fileSystemSynchronizedGroups = (A20000000000000000000044 /* HourleafWatch */, A20000000000000000000043 /* HourleafWatchShared */);
			name = HourleafWatch;
			packageProductDependencies = ();
			productName = HourleafWatch;
			productReference = A20000000000000000000023 /* HourleafWatch.app */;
			productType = "com.apple.product-type.application";
		};
		A10000000000000000000011 /* HourleafTests */ = {
			isa = PBXNativeTarget;
			buildConfigurationList = A10000000000000000000071 /* Build configuration list for PBXNativeTarget "HourleafTests" */;
			buildPhases = (
				A10000000000000000000061 /* Sources */,
				A10000000000000000000051 /* Frameworks */,
				A10000000000000000000064 /* Resources */,
			);
			buildRules = ();
			dependencies = (A10000000000000000000033 /* PBXTargetDependency */);
			fileSystemSynchronizedGroups = (A10000000000000000000041 /* HourleafTests */);
			name = HourleafTests;
			packageProductDependencies = ();
			productName = HourleafTests;
			productReference = A10000000000000000000021 /* HourleafTests.xctest */;
			productType = "com.apple.product-type.bundle.unit-test";
		};
		A10000000000000000000012 /* HourleafUITests */ = {
			isa = PBXNativeTarget;
			buildConfigurationList = A10000000000000000000072 /* Build configuration list for PBXNativeTarget "HourleafUITests" */;
			buildPhases = (
				A10000000000000000000062 /* Sources */,
				A10000000000000000000052 /* Frameworks */,
				A10000000000000000000065 /* Resources */,
			);
			buildRules = ();
			dependencies = (A10000000000000000000034 /* PBXTargetDependency */);
			fileSystemSynchronizedGroups = (A10000000000000000000042 /* HourleafUITests */);
			name = HourleafUITests;
			packageProductDependencies = ();
			productName = HourleafUITests;
			productReference = A10000000000000000000022 /* HourleafUITests.xctest */;
			productType = "com.apple.product-type.bundle.ui-testing";
		};
/* End PBXNativeTarget section */

/* Begin PBXProject section */
		A10000000000000000000001 /* Project object */ = {
			isa = PBXProject;
			attributes = {
				BuildIndependentTargetsInParallel = 1;
				LastSwiftUpdateCheck = 2660;
				LastUpgradeCheck = 2660;
				TargetAttributes = {
					A10000000000000000000010 = {
						CreatedOnToolsVersion = 26.6;
					};
					A10000000000000000000011 = {CreatedOnToolsVersion = 26.6; TestTargetID = A10000000000000000000010; };
					A10000000000000000000012 = {CreatedOnToolsVersion = 26.6; TestTargetID = A10000000000000000000010; };
					A10000000000000000000013 = {CreatedOnToolsVersion = 26.6; };
					A20000000000000000000013 = {CreatedOnToolsVersion = 26.6; };
				};
			};
			buildConfigurationList = A10000000000000000000073 /* Build configuration list for PBXProject "Hourleaf" */;
			developmentRegion = en;
			hasScannedForEncodings = 0;
			knownRegions = (en, Base, ru, uk);
			mainGroup = A10000000000000000000002;
			minimizedProjectReferenceProxies = 1;
			preferredProjectObjectVersion = 77;
			productRefGroup = A10000000000000000000003 /* Products */;
			projectDirPath = "";
			projectRoot = "";
			targets = (A10000000000000000000010, A10000000000000000000011, A10000000000000000000012, A10000000000000000000013, A20000000000000000000013);
		};
/* End PBXProject section */

/* Begin PBXResourcesBuildPhase section */
		A10000000000000000000063 /* Resources */ = {isa = PBXResourcesBuildPhase; buildActionMask = 2147483647; files = (); runOnlyForDeploymentPostprocessing = 0; };
		A10000000000000000000064 /* Resources */ = {isa = PBXResourcesBuildPhase; buildActionMask = 2147483647; files = (); runOnlyForDeploymentPostprocessing = 0; };
		A10000000000000000000065 /* Resources */ = {isa = PBXResourcesBuildPhase; buildActionMask = 2147483647; files = (); runOnlyForDeploymentPostprocessing = 0; };
		A10000000000000000000067 /* Resources */ = {isa = PBXResourcesBuildPhase; buildActionMask = 2147483647; files = (); runOnlyForDeploymentPostprocessing = 0; };
		A20000000000000000000067 /* Resources */ = {isa = PBXResourcesBuildPhase; buildActionMask = 2147483647; files = (); runOnlyForDeploymentPostprocessing = 0; };
/* End PBXResourcesBuildPhase section */

/* Begin PBXSourcesBuildPhase section */
		A10000000000000000000060 /* Sources */ = {isa = PBXSourcesBuildPhase; buildActionMask = 2147483647; files = (); runOnlyForDeploymentPostprocessing = 0; };
		A10000000000000000000061 /* Sources */ = {isa = PBXSourcesBuildPhase; buildActionMask = 2147483647; files = (); runOnlyForDeploymentPostprocessing = 0; };
		A10000000000000000000062 /* Sources */ = {isa = PBXSourcesBuildPhase; buildActionMask = 2147483647; files = (); runOnlyForDeploymentPostprocessing = 0; };
		A10000000000000000000066 /* Sources */ = {isa = PBXSourcesBuildPhase; buildActionMask = 2147483647; files = (); runOnlyForDeploymentPostprocessing = 0; };
		A20000000000000000000066 /* Sources */ = {isa = PBXSourcesBuildPhase; buildActionMask = 2147483647; files = (); runOnlyForDeploymentPostprocessing = 0; };
/* End PBXSourcesBuildPhase section */

/* Begin PBXCopyFilesBuildPhase section */
		A10000000000000000000068 /* Embed Foundation Extensions */ = {isa = PBXCopyFilesBuildPhase; buildActionMask = 2147483647; dstPath = ""; dstSubfolderSpec = 13; files = (A10000000000000000000090 /* HourleafQuickSurfaces.appex in Embed Foundation Extensions */, ); name = "Embed Foundation Extensions"; runOnlyForDeploymentPostprocessing = 0; };
		A20000000000000000000068 /* Embed Watch Content */ = {isa = PBXCopyFilesBuildPhase; buildActionMask = 2147483647; dstPath = "$(CONTENTS_FOLDER_PATH)/Watch"; dstSubfolderSpec = 16; files = (A20000000000000000000090 /* HourleafWatch.app in Embed Watch Content */, ); name = "Embed Watch Content"; runOnlyForDeploymentPostprocessing = 0; };
/* End PBXCopyFilesBuildPhase section */

/* Begin PBXBuildFile section */
		A10000000000000000000090 /* HourleafQuickSurfaces.appex in Embed Foundation Extensions */ = {isa = PBXBuildFile; fileRef = A10000000000000000000023 /* HourleafQuickSurfaces.appex */; settings = {ATTRIBUTES = (RemoveHeadersOnCopy, ); }; };
		A20000000000000000000090 /* HourleafWatch.app in Embed Watch Content */ = {isa = PBXBuildFile; fileRef = A20000000000000000000023 /* HourleafWatch.app */; settings = {ATTRIBUTES = (RemoveHeadersOnCopy, ); }; };
/* End PBXBuildFile section */

/* Begin PBXTargetDependency section */
		A10000000000000000000033 /* PBXTargetDependency */ = {isa = PBXTargetDependency; target = A10000000000000000000010 /* Hourleaf */; targetProxy = A10000000000000000000031 /* PBXContainerItemProxy */; };
		A10000000000000000000034 /* PBXTargetDependency */ = {isa = PBXTargetDependency; target = A10000000000000000000010 /* Hourleaf */; targetProxy = A10000000000000000000032 /* PBXContainerItemProxy */; };
		A10000000000000000000036 /* PBXTargetDependency */ = {isa = PBXTargetDependency; target = A10000000000000000000013 /* HourleafQuickSurfaces */; targetProxy = A10000000000000000000035 /* PBXContainerItemProxy */; };
		A20000000000000000000036 /* PBXTargetDependency */ = {isa = PBXTargetDependency; target = A20000000000000000000013 /* HourleafWatch */; targetProxy = A20000000000000000000035 /* PBXContainerItemProxy */; };
/* End PBXTargetDependency section */

/* Begin XCBuildConfiguration section */
		A10000000000000000000080 /* Debug */ = {isa = XCBuildConfiguration; buildSettings = {ALWAYS_SEARCH_USER_PATHS = NO; ASSETCATALOG_COMPILER_GENERATE_SWIFT_ASSET_SYMBOL_EXTENSIONS = YES; CLANG_ENABLE_MODULES = YES; CLANG_ENABLE_OBJC_ARC = YES; CLANG_WARN_BOOL_CONVERSION = YES; CLANG_WARN_CONSTANT_CONVERSION = YES; CLANG_WARN_DOCUMENTATION_COMMENTS = YES; CLANG_WARN_EMPTY_BODY = YES; CLANG_WARN_ENUM_CONVERSION = YES; CLANG_WARN_INFINITE_RECURSION = YES; CLANG_WARN_INT_CONVERSION = YES; CLANG_WARN_NON_LITERAL_NULL_CONVERSION = YES; CLANG_WARN_OBJC_IMPLICIT_RETAIN_SELF = YES; CLANG_WARN_OBJC_LITERAL_CONVERSION = YES; CLANG_WARN_QUOTED_INCLUDE_IN_FRAMEWORK_HEADER = YES; CLANG_WARN_RANGE_LOOP_ANALYSIS = YES; CLANG_WARN_STRICT_PROTOTYPES = YES; CLANG_WARN_SUSPICIOUS_MOVE = YES; CLANG_WARN_UNGUARDED_AVAILABILITY = YES_AGGRESSIVE; CLANG_WARN_UNREACHABLE_CODE = YES; COPY_PHASE_STRIP = NO; DEBUG_INFORMATION_FORMAT = dwarf; ENABLE_STRICT_OBJC_MSGSEND = YES; ENABLE_TESTABILITY = YES; GCC_C_LANGUAGE_STANDARD = gnu17; GCC_NO_COMMON_BLOCKS = YES; GCC_OPTIMIZATION_LEVEL = 0; GCC_PREPROCESSOR_DEFINITIONS = ("DEBUG=1", "$(inherited)"); HOURLEAF_APP_BUNDLE_IDENTIFIER = com.kikuai.hourleaf; HOURLEAF_APP_GROUP_IDENTIFIER = group.com.kikuai.hourleaf; HOURLEAF_QUICK_ENTRY_URL_SCHEME = hourleaf; HOURLEAF_QUICK_SURFACES_BUNDLE_IDENTIFIER = com.kikuai.hourleaf.quick-surfaces; HOURLEAF_WATCH_BUNDLE_IDENTIFIER = com.kikuai.hourleaf.watchkitapp; IPHONEOS_DEPLOYMENT_TARGET = 17.0; MTL_ENABLE_DEBUG_INFO = INCLUDE_SOURCE; ONLY_ACTIVE_ARCH = YES; SDKROOT = iphoneos; SWIFT_ACTIVE_COMPILATION_CONDITIONS = "DEBUG $(inherited)"; SWIFT_OPTIMIZATION_LEVEL = "-Onone"; }; name = Debug; };
		A10000000000000000000081 /* Release */ = {isa = XCBuildConfiguration; buildSettings = {ALWAYS_SEARCH_USER_PATHS = NO; ASSETCATALOG_COMPILER_GENERATE_SWIFT_ASSET_SYMBOL_EXTENSIONS = YES; CLANG_ENABLE_MODULES = YES; CLANG_ENABLE_OBJC_ARC = YES; CLANG_WARN_BOOL_CONVERSION = YES; CLANG_WARN_CONSTANT_CONVERSION = YES; CLANG_WARN_DOCUMENTATION_COMMENTS = YES; CLANG_WARN_EMPTY_BODY = YES; CLANG_WARN_ENUM_CONVERSION = YES; CLANG_WARN_INFINITE_RECURSION = YES; CLANG_WARN_INT_CONVERSION = YES; CLANG_WARN_NON_LITERAL_NULL_CONVERSION = YES; CLANG_WARN_OBJC_IMPLICIT_RETAIN_SELF = YES; CLANG_WARN_OBJC_LITERAL_CONVERSION = YES; CLANG_WARN_QUOTED_INCLUDE_IN_FRAMEWORK_HEADER = YES; CLANG_WARN_RANGE_LOOP_ANALYSIS = YES; CLANG_WARN_STRICT_PROTOTYPES = YES; CLANG_WARN_SUSPICIOUS_MOVE = YES; CLANG_WARN_UNGUARDED_AVAILABILITY = YES_AGGRESSIVE; CLANG_WARN_UNREACHABLE_CODE = YES; COPY_PHASE_STRIP = NO; DEBUG_INFORMATION_FORMAT = "dwarf-with-dsym"; ENABLE_NS_ASSERTIONS = NO; ENABLE_STRICT_OBJC_MSGSEND = YES; GCC_C_LANGUAGE_STANDARD = gnu17; GCC_NO_COMMON_BLOCKS = YES; HOURLEAF_APP_BUNDLE_IDENTIFIER = com.kikuai.hourleaf; HOURLEAF_APP_GROUP_IDENTIFIER = group.com.kikuai.hourleaf; HOURLEAF_QUICK_ENTRY_URL_SCHEME = hourleaf; HOURLEAF_QUICK_SURFACES_BUNDLE_IDENTIFIER = com.kikuai.hourleaf.quick-surfaces; HOURLEAF_WATCH_BUNDLE_IDENTIFIER = com.kikuai.hourleaf.watchkitapp; IPHONEOS_DEPLOYMENT_TARGET = 17.0; MTL_ENABLE_DEBUG_INFO = NO; SDKROOT = iphoneos; SWIFT_COMPILATION_MODE = wholemodule; VALIDATE_PRODUCT = YES; }; name = Release; };
		A10000000000000000000082 /* Debug */ = {isa = XCBuildConfiguration; buildSettings = {ASSETCATALOG_COMPILER_APPICON_NAME = AppIcon; ASSETCATALOG_COMPILER_GLOBAL_ACCENT_COLOR_NAME = AccentColor; CODE_SIGN_ENTITLEMENTS = Hourleaf/Hourleaf.entitlements; CODE_SIGN_STYLE = Automatic; CURRENT_PROJECT_VERSION = 17; ENABLE_PREVIEWS = YES; GENERATE_INFOPLIST_FILE = NO; INFOPLIST_FILE = Hourleaf/Info.plist; LD_RUNPATH_SEARCH_PATHS = "$(inherited) @executable_path/Frameworks"; MARKETING_VERSION = 1.0.4; PRODUCT_BUNDLE_IDENTIFIER = "$(HOURLEAF_APP_BUNDLE_IDENTIFIER)"; PRODUCT_NAME = "$(TARGET_NAME)"; SWIFT_EMIT_LOC_STRINGS = YES; SWIFT_STRICT_CONCURRENCY = complete; SWIFT_VERSION = 6.0; TARGETED_DEVICE_FAMILY = 1; }; name = Debug; };
		A10000000000000000000083 /* Release */ = {isa = XCBuildConfiguration; buildSettings = {ASSETCATALOG_COMPILER_APPICON_NAME = AppIcon; ASSETCATALOG_COMPILER_GLOBAL_ACCENT_COLOR_NAME = AccentColor; CODE_SIGN_ENTITLEMENTS = Hourleaf/Hourleaf.entitlements; CODE_SIGN_STYLE = Automatic; CURRENT_PROJECT_VERSION = 17; ENABLE_PREVIEWS = YES; GENERATE_INFOPLIST_FILE = NO; INFOPLIST_FILE = Hourleaf/Info.plist; LD_RUNPATH_SEARCH_PATHS = "$(inherited) @executable_path/Frameworks"; MARKETING_VERSION = 1.0.4; PRODUCT_BUNDLE_IDENTIFIER = "$(HOURLEAF_APP_BUNDLE_IDENTIFIER)"; PRODUCT_NAME = "$(TARGET_NAME)"; SWIFT_EMIT_LOC_STRINGS = YES; SWIFT_STRICT_CONCURRENCY = complete; SWIFT_VERSION = 6.0; TARGETED_DEVICE_FAMILY = 1; }; name = Release; };
		A10000000000000000000084 /* Debug */ = {isa = XCBuildConfiguration; buildSettings = {BUNDLE_LOADER = "$(TEST_HOST)"; CODE_SIGN_STYLE = Automatic; GENERATE_INFOPLIST_FILE = YES; IPHONEOS_DEPLOYMENT_TARGET = 17.0; LD_RUNPATH_SEARCH_PATHS = "$(inherited) @executable_path/Frameworks @loader_path/Frameworks"; PRODUCT_BUNDLE_IDENTIFIER = com.kikuai.hourleaf.tests; PRODUCT_NAME = "$(TARGET_NAME)"; SWIFT_STRICT_CONCURRENCY = complete; SWIFT_VERSION = 6.0; TARGETED_DEVICE_FAMILY = 1; TEST_HOST = "$(BUILT_PRODUCTS_DIR)/Hourleaf.app/$(BUNDLE_EXECUTABLE_FOLDER_PATH)/Hourleaf"; }; name = Debug; };
		A10000000000000000000085 /* Release */ = {isa = XCBuildConfiguration; buildSettings = {BUNDLE_LOADER = "$(TEST_HOST)"; CODE_SIGN_STYLE = Automatic; GENERATE_INFOPLIST_FILE = YES; IPHONEOS_DEPLOYMENT_TARGET = 17.0; LD_RUNPATH_SEARCH_PATHS = "$(inherited) @executable_path/Frameworks @loader_path/Frameworks"; PRODUCT_BUNDLE_IDENTIFIER = com.kikuai.hourleaf.tests; PRODUCT_NAME = "$(TARGET_NAME)"; SWIFT_STRICT_CONCURRENCY = complete; SWIFT_VERSION = 6.0; TARGETED_DEVICE_FAMILY = 1; TEST_HOST = "$(BUILT_PRODUCTS_DIR)/Hourleaf.app/$(BUNDLE_EXECUTABLE_FOLDER_PATH)/Hourleaf"; }; name = Release; };
		A10000000000000000000086 /* Debug */ = {isa = XCBuildConfiguration; buildSettings = {CODE_SIGN_STYLE = Automatic; GENERATE_INFOPLIST_FILE = YES; IPHONEOS_DEPLOYMENT_TARGET = 17.0; LD_RUNPATH_SEARCH_PATHS = "$(inherited) @executable_path/Frameworks @loader_path/Frameworks"; PRODUCT_BUNDLE_IDENTIFIER = com.kikuai.hourleaf.uitests; PRODUCT_NAME = "$(TARGET_NAME)"; SWIFT_STRICT_CONCURRENCY = complete; SWIFT_VERSION = 6.0; TARGETED_DEVICE_FAMILY = 1; TEST_TARGET_NAME = Hourleaf; }; name = Debug; };
		A10000000000000000000087 /* Release */ = {isa = XCBuildConfiguration; buildSettings = {CODE_SIGN_STYLE = Automatic; GENERATE_INFOPLIST_FILE = YES; IPHONEOS_DEPLOYMENT_TARGET = 17.0; LD_RUNPATH_SEARCH_PATHS = "$(inherited) @executable_path/Frameworks @loader_path/Frameworks"; PRODUCT_BUNDLE_IDENTIFIER = com.kikuai.hourleaf.uitests; PRODUCT_NAME = "$(TARGET_NAME)"; SWIFT_STRICT_CONCURRENCY = complete; SWIFT_VERSION = 6.0; TARGETED_DEVICE_FAMILY = 1; TEST_TARGET_NAME = Hourleaf; }; name = Release; };
		A10000000000000000000088 /* Debug */ = {isa = XCBuildConfiguration; buildSettings = {APPLICATION_EXTENSION_API_ONLY = YES; CODE_SIGN_ENTITLEMENTS = HourleafQuickSurfaces/HourleafQuickSurfaces.entitlements; CODE_SIGN_STYLE = Automatic; CURRENT_PROJECT_VERSION = 17; GENERATE_INFOPLIST_FILE = NO; INFOPLIST_FILE = HourleafQuickSurfaces/Info.plist; IPHONEOS_DEPLOYMENT_TARGET = 17.0; LD_RUNPATH_SEARCH_PATHS = "$(inherited) @executable_path/../../Frameworks"; MARKETING_VERSION = 1.0.4; PRODUCT_BUNDLE_IDENTIFIER = "$(HOURLEAF_QUICK_SURFACES_BUNDLE_IDENTIFIER)"; PRODUCT_NAME = "$(TARGET_NAME)"; SWIFT_EMIT_LOC_STRINGS = YES; SWIFT_STRICT_CONCURRENCY = complete; SWIFT_VERSION = 6.0; TARGETED_DEVICE_FAMILY = 1; }; name = Debug; };
		A10000000000000000000089 /* Release */ = {isa = XCBuildConfiguration; buildSettings = {APPLICATION_EXTENSION_API_ONLY = YES; CODE_SIGN_ENTITLEMENTS = HourleafQuickSurfaces/HourleafQuickSurfaces.entitlements; CODE_SIGN_STYLE = Automatic; CURRENT_PROJECT_VERSION = 17; GENERATE_INFOPLIST_FILE = NO; INFOPLIST_FILE = HourleafQuickSurfaces/Info.plist; IPHONEOS_DEPLOYMENT_TARGET = 17.0; LD_RUNPATH_SEARCH_PATHS = "$(inherited) @executable_path/../../Frameworks"; MARKETING_VERSION = 1.0.4; PRODUCT_BUNDLE_IDENTIFIER = "$(HOURLEAF_QUICK_SURFACES_BUNDLE_IDENTIFIER)"; PRODUCT_NAME = "$(TARGET_NAME)"; SWIFT_EMIT_LOC_STRINGS = YES; SWIFT_STRICT_CONCURRENCY = complete; SWIFT_VERSION = 6.0; TARGETED_DEVICE_FAMILY = 1; }; name = Release; };
		A20000000000000000000088 /* Debug */ = {isa = XCBuildConfiguration; buildSettings = {ASSETCATALOG_COMPILER_APPICON_NAME = AppIcon; ASSETCATALOG_COMPILER_GLOBAL_ACCENT_COLOR_NAME = AccentColor; CODE_SIGN_STYLE = Automatic; CURRENT_PROJECT_VERSION = 17; ENABLE_PREVIEWS = YES; GENERATE_INFOPLIST_FILE = YES; INFOPLIST_KEY_CFBundleDisplayName = Hourleaf; INFOPLIST_KEY_ITSAppUsesNonExemptEncryption = NO; INFOPLIST_KEY_UISupportedInterfaceOrientations = "UIInterfaceOrientationPortrait UIInterfaceOrientationPortraitUpsideDown"; INFOPLIST_KEY_WKCompanionAppBundleIdentifier = "$(HOURLEAF_APP_BUNDLE_IDENTIFIER)"; INFOPLIST_KEY_WKRunsIndependentlyOfCompanionApp = NO; LD_RUNPATH_SEARCH_PATHS = "$(inherited) @executable_path/Frameworks"; MARKETING_VERSION = 1.0.4; PRODUCT_BUNDLE_IDENTIFIER = "$(HOURLEAF_WATCH_BUNDLE_IDENTIFIER)"; PRODUCT_NAME = "$(TARGET_NAME)"; SDKROOT = watchos; SKIP_INSTALL = YES; SWIFT_EMIT_LOC_STRINGS = YES; SWIFT_STRICT_CONCURRENCY = complete; SWIFT_VERSION = 6.0; TARGETED_DEVICE_FAMILY = 4; WATCHOS_DEPLOYMENT_TARGET = 10.0; }; name = Debug; };
		A20000000000000000000089 /* Release */ = {isa = XCBuildConfiguration; buildSettings = {ASSETCATALOG_COMPILER_APPICON_NAME = AppIcon; ASSETCATALOG_COMPILER_GLOBAL_ACCENT_COLOR_NAME = AccentColor; CODE_SIGN_STYLE = Automatic; CURRENT_PROJECT_VERSION = 17; ENABLE_PREVIEWS = YES; GENERATE_INFOPLIST_FILE = YES; INFOPLIST_KEY_CFBundleDisplayName = Hourleaf; INFOPLIST_KEY_ITSAppUsesNonExemptEncryption = NO; INFOPLIST_KEY_UISupportedInterfaceOrientations = "UIInterfaceOrientationPortrait UIInterfaceOrientationPortraitUpsideDown"; INFOPLIST_KEY_WKCompanionAppBundleIdentifier = "$(HOURLEAF_APP_BUNDLE_IDENTIFIER)"; INFOPLIST_KEY_WKRunsIndependentlyOfCompanionApp = NO; LD_RUNPATH_SEARCH_PATHS = "$(inherited) @executable_path/Frameworks"; MARKETING_VERSION = 1.0.4; PRODUCT_BUNDLE_IDENTIFIER = "$(HOURLEAF_WATCH_BUNDLE_IDENTIFIER)"; PRODUCT_NAME = "$(TARGET_NAME)"; SDKROOT = watchos; SKIP_INSTALL = YES; SWIFT_EMIT_LOC_STRINGS = YES; SWIFT_STRICT_CONCURRENCY = complete; SWIFT_VERSION = 6.0; TARGETED_DEVICE_FAMILY = 4; WATCHOS_DEPLOYMENT_TARGET = 10.0; }; name = Release; };
/* End XCBuildConfiguration section */

/* Begin XCConfigurationList section */
		A10000000000000000000070 /* Build configuration list for PBXNativeTarget "Hourleaf" */ = {isa = XCConfigurationList; buildConfigurations = (A10000000000000000000082 /* Debug */, A10000000000000000000083 /* Release */); defaultConfigurationIsVisible = 0; defaultConfigurationName = Release; };
		A10000000000000000000071 /* Build configuration list for PBXNativeTarget "HourleafTests" */ = {isa = XCConfigurationList; buildConfigurations = (A10000000000000000000084 /* Debug */, A10000000000000000000085 /* Release */); defaultConfigurationIsVisible = 0; defaultConfigurationName = Release; };
		A10000000000000000000072 /* Build configuration list for PBXNativeTarget "HourleafUITests" */ = {isa = XCConfigurationList; buildConfigurations = (A10000000000000000000086 /* Debug */, A10000000000000000000087 /* Release */); defaultConfigurationIsVisible = 0; defaultConfigurationName = Release; };
		A10000000000000000000074 /* Build configuration list for PBXNativeTarget "HourleafQuickSurfaces" */ = {isa = XCConfigurationList; buildConfigurations = (A10000000000000000000088 /* Debug */, A10000000000000000000089 /* Release */); defaultConfigurationIsVisible = 0; defaultConfigurationName = Release; };
		A20000000000000000000074 /* Build configuration list for PBXNativeTarget "HourleafWatch" */ = {isa = XCConfigurationList; buildConfigurations = (A20000000000000000000088 /* Debug */, A20000000000000000000089 /* Release */); defaultConfigurationIsVisible = 0; defaultConfigurationName = Release; };
		A10000000000000000000073 /* Build configuration list for PBXProject "Hourleaf" */ = {isa = XCConfigurationList; buildConfigurations = (A10000000000000000000080 /* Debug */, A10000000000000000000081 /* Release */); defaultConfigurationIsVisible = 0; defaultConfigurationName = Release; };
/* End XCConfigurationList section */
	};
	rootObject = A10000000000000000000001 /* Project object */;
}
